
Microsoft Visual Studio Solution File, Format Version 12.00
# Visual Studio Version 17
VisualStudioVersion = 17.0.31903.59
MinimumVisualStudioVersion = 10.0.40219.1
Project("{FAE04EC0-301F-11D3-BF4B-00C04F79EFBC}") = "Semzeri.API", "src\Semzeri.API\Semzeri.API.csproj", "{B083707B-851C-45D6-AE21-FF48951C60F3}"
EndProject
Project("{FAE04EC0-301F-11D3-BF4B-00C04F79EFBC}") = "Semzeri.BusinessLogic", "src\Semzeri.BusinessLogic\Semzeri.BusinessLogic.csproj", "{F43481E0-F7DA-4B19-85CA-DDA88FAFD263}"
EndProject
Project("{FAE04EC0-301F-11D3-BF4B-00C04F79EFBC}") = "Semzer.DAL", "src\Semzer.DAL\Semzer.DAL.csproj", "{72D6B9C2-F17F-45B5-96FF-216B90723134}"
EndProject
Project("{FAE04EC0-301F-11D3-BF4B-00C04F79EFBC}") = "Semzeri.BusinessLogic.Tests", "tests\Semzeri.BusinessLogic.Tests\Semzeri.BusinessLogic.Tests.csproj", "{2C494190-FEC3-46FA-961A-C9F69E8F599F}"
EndProject
Global
	GlobalSection(SolutionConfigurationPlatforms) = preSolution
		Debug|Any CPU = Debug|Any CPU
		Release|Any CPU = Release|Any CPU
	EndGlobalSection
	GlobalSection(SolutionProperties) = preSolution
		HideSolutionNode = FALSE
	EndGlobalSection
	GlobalSection(ProjectConfigurationPlatforms) = postSolution
		{B083707B-851C-45D6-AE21-FF48951C60F3}.Debug|Any CPU.ActiveCfg = Debug|Any CPU
		{B083707B-851C-45D6-AE21-FF48951C60F3}.Debug|Any CPU.Build.0 = Debug|Any CPU
		{B083707B-851C-45D6-AE21-FF48951C60F3}.Release|Any CPU.ActiveCfg = Release|Any CPU
		{B083707B-851C-45D6-AE21-FF48951C60F3}.Release|Any CPU.Build.0 = Release|Any CPU
		{F43481E0-F7DA-4B19-85CA-DDA88FAFD263}.Debug|Any CPU.ActiveCfg = Debug|Any CPU
		{F43481E0-F7DA-4B19-85CA-DDA88FAFD263}.Debug|Any CPU.Build.0 = Debug|Any CPU
		{F43481E0-F7DA-4B19-85CA-DDA88FAFD263}.Release|Any CPU.ActiveCfg = Release|Any CPU
		{F43481E0-F7DA-4B19-85CA-DDA88FAFD263}.Release|Any CPU.Build.0 = Release|Any CPU
		{72D6B9C2-F17F-45B5-96FF-216B90723134}.Debug|Any CPU.ActiveCfg = Debug|Any CPU
		{72D6B9C2-F17F-45B5-96FF-216B90723134}.Debug|Any CPU.Build.0 = Debug|Any CPU
		{72D6B9C2-F17F-45B5-96FF-216B90723134}.Release|Any CPU.ActiveCfg = Release|Any CPU
		{72D6B9C2-F17F-45B5-96FF-216B90723134}.Release|Any CPU.Build.0 = Release|Any CPU
		{2C494190-FEC3-46FA-961A-C9F69E8F599F}.Debug|Any CPU.ActiveCfg = Debug|Any CPU
		{2C494190-FEC3-46FA-961A-C9F69E8F599F}.Debug|Any CPU.Build.0 = Debug|Any CPU
		{2C494190-FEC3-46FA-961A-C9F69E8F599F}.Release|Any CPU.ActiveCfg = Release|Any CPU
		{2C494190-FEC3-46FA-961A-C9F69E8F599F}.Release|Any CPU.Build.0 = Release|Any CPU
	EndGlobalSection
EndGlobal
