
Microsoft Visual Studio Solution File, Format Version 12.00
# Visual Studio Version 17
VisualStudioVersion = 17.0.31903.59
MinimumVisualStudioVersion = 10.0.40219.1
Project("{FAE04EC0-301F-11D3-BF4B-00C04F79EFBC}") = "SemZeri.API", "SemZeri.API\SemZeri.API.csproj", "{ACFF2B93-EF84-4136-AA8C-74E9E8A30044}"
EndProject
Project("{FAE04EC0-301F-11D3-BF4B-00C04F79EFBC}") = "SemZeri.BusinessLogic", "SemZeri.BusinessLogic\SemZeri.BusinessLogic.csproj", "{E305EB3F-A35E-4244-B709-C5ACFB48F41F}"
EndProject
Project("{FAE04EC0-301F-11D3-BF4B-00C04F79EFBC}") = "SemZeri.DAL", "SemZeri.DAL\SemZeri.DAL.csproj", "{7EC6DC9A-DD36-474E-BEFA-8EC2A724999D}"
EndProject
Global
	GlobalSection(SolutionConfigurationPlatforms) = preSolution
		Debug|Any CPU = Debug|Any CPU
		Release|Any CPU = Release|Any CPU
	EndGlobalSection
	GlobalSection(SolutionProperties) = preSolution
		HideSolutionNode = FALSE
	EndGlobalSection
	GlobalSection(ProjectConfigurationPlatforms) = postSolution
		{ACFF2B93-EF84-4136-AA8C-74E9E8A30044}.Debug|Any CPU.ActiveCfg = Debug|Any CPU
		{ACFF2B93-EF84-4136-AA8C-74E9E8A30044}.Debug|Any CPU.Build.0 = Debug|Any CPU
		{ACFF2B93-EF84-4136-AA8C-74E9E8A30044}.Release|Any CPU.ActiveCfg = Release|Any CPU
		{ACFF2B93-EF84-4136-AA8C-74E9E8A30044}.Release|Any CPU.Build.0 = Release|Any CPU
		{E305EB3F-A35E-4244-B709-C5ACFB48F41F}.Debug|Any CPU.ActiveCfg = Debug|Any CPU
		{E305EB3F-A35E-4244-B709-C5ACFB48F41F}.Debug|Any CPU.Build.0 = Debug|Any CPU
		{E305EB3F-A35E-4244-B709-C5ACFB48F41F}.Release|Any CPU.ActiveCfg = Release|Any CPU
		{E305EB3F-A35E-4244-B709-C5ACFB48F41F}.Release|Any CPU.Build.0 = Release|Any CPU
		{7EC6DC9A-DD36-474E-BEFA-8EC2A724999D}.Debug|Any CPU.ActiveCfg = Debug|Any CPU
		{7EC6DC9A-DD36-474E-BEFA-8EC2A724999D}.Debug|Any CPU.Build.0 = Debug|Any CPU
		{7EC6DC9A-DD36-474E-BEFA-8EC2A724999D}.Release|Any CPU.ActiveCfg = Release|Any CPU
		{7EC6DC9A-DD36-474E-BEFA-8EC2A724999D}.Release|Any CPU.Build.0 = Release|Any CPU
	EndGlobalSection
EndGlobal
